
Microsoft Visual Studio Solution File, Format Version 12.00
# Visual Studio Version 17
VisualStudioVersion = 17.3.32804.467
MinimumVisualStudioVersion = 10.0.40219.1
Project("{FAE04EC0-301F-11D3-BF4B-00C04F79EFBC}") = "LearnCodeV1", "LearnCodeV1\LearnCodeV1.csproj", "{F2F24A00-06A0-4F41-BFC1-2FDE7158CB39}"
EndProject
Global
	GlobalSection(SolutionConfigurationPlatforms) = preSolution
		Debug|Any CPU = Debug|Any CPU
		Release|Any CPU = Release|Any CPU
	EndGlobalSection
	GlobalSection(ProjectConfigurationPlatforms) = postSolution
		{F2F24A00-06A0-4F41-BFC1-2FDE7158CB39}.Debug|Any CPU.ActiveCfg = Debug|Any CPU
		{F2F24A00-06A0-4F41-BFC1-2FDE7158CB39}.Debug|Any CPU.Build.0 = Debug|Any CPU
		{F2F24A00-06A0-4F41-BFC1-2FDE7158CB39}.Release|Any CPU.ActiveCfg = Release|Any CPU
		{F2F24A00-06A0-4F41-BFC1-2FDE7158CB39}.Release|Any CPU.Build.0 = Release|Any CPU
	EndGlobalSection
	GlobalSection(SolutionProperties) = preSolution
		HideSolutionNode = FALSE
	EndGlobalSection
	GlobalSection(ExtensibilityGlobals) = postSolution
		SolutionGuid = {7153A38C-EB41-41C1-8F78-F0AD6D29F58F}
	EndGlobalSection
EndGlobal
